{
  "name": "obsidian-typings",
  "version": "1.0.5",
  "lockfileVersion": 3,
  "requires": true,
  "packages": {
    "": {
      "name": "obsidian-typings",
      "version": "1.0.5",
      "license": "MIT",
      "dependencies": {
        "obsidian": "^1.4.11"
      },
      "devDependencies": {
        "@types/electron": "npm:@ophidian/electron-types",
        "@types/node": "^20.10.7"
      }
    },
    "node_modules/@codemirror/state": {
      "version": "6.3.1",
      "resolved": "https://registry.npmjs.org/@codemirror/state/-/state-6.3.1.tgz",
      "integrity": "sha512-88e4HhMtKJyw6fKprGaN/yZfiaoGYOi2nM45YCUC6R/kex9sxFWBDGatS1vk4lMgnWmdIIB9tk8Gj1LmL8YfvA==",
      "peer": true
    },
    "node_modules/@codemirror/view": {
      "version": "6.22.0",
      "resolved": "https://registry.npmjs.org/@codemirror/view/-/view-6.22.0.tgz",
      "integrity": "sha512-6zLj4YIoIpfTGKrDMTbeZRpa8ih4EymMCKmddEDcJWrCdp/N1D46B38YEz4creTb4T177AVS9EyXkLeC/HL2jA==",
      "peer": true,
      "dependencies": {
        "@codemirror/state": "^6.1.4",
        "style-mod": "^4.1.0",
        "w3c-keyname": "^2.2.4"
      }
    },
    "node_modules/@types/codemirror": {
      "version": "5.60.8",
      "resolved": "https://registry.npmjs.org/@types/codemirror/-/codemirror-5.60.8.tgz",
      "integrity": "sha512-VjFgDF/eB+Aklcy15TtOTLQeMjTo07k7KAjql8OK5Dirr7a6sJY4T1uVBDuTVG9VEmn1uUsohOpYnVfgC6/jyw==",
      "dependencies": {
        "@types/tern": "*"
      }
    },
    "node_modules/@types/electron": {
      "name": "@ophidian/electron-types",
      "version": "24.3.1",
      "resolved": "https://registry.npmjs.org/@ophidian/electron-types/-/electron-types-24.3.1.tgz",
      "integrity": "sha512-fzvB7sQMxTbQHbp3rcYIxaqHiWjFnpSBVvZBSDH0Rq0xMvihBH1D4/O2JqybSlVpYtbvXR4nVKeH3w4JmHLTag==",
      "dev": true
    },
    "node_modules/@types/estree": {
      "version": "1.0.5",
      "resolved": "https://registry.npmjs.org/@types/estree/-/estree-1.0.5.tgz",
      "integrity": "sha512-/kYRxGDLWzHOB7q+wtSUQlFrtcdUccpfy+X+9iMBpHK8QLLhx2wIPYuS5DYtR9Wa/YlZAbIovy7qVdB1Aq6Lyw=="
    },
    "node_modules/@types/node": {
      "version": "20.10.7",
      "resolved": "https://registry.npmjs.org/@types/node/-/node-20.10.7.tgz",
      "integrity": "sha512-fRbIKb8C/Y2lXxB5eVMj4IU7xpdox0Lh8bUPEdtLysaylsml1hOOx1+STloRs/B9nf7C6kPRmmg/V7aQW7usNg==",
      "dev": true,
      "dependencies": {
        "undici-types": "~5.26.4"
      }
    },
    "node_modules/@types/tern": {
      "version": "0.23.7",
      "resolved": "https://registry.npmjs.org/@types/tern/-/tern-0.23.7.tgz",
      "integrity": "sha512-0YS9XCZ0LAhlP11HV9SqncUYyz9Ggsgc7Om/AmchKvoeFyj0qPaJmX6rJ93mJVExizWDzUMb49gAtVpI1uHd8Q==",
      "dependencies": {
        "@types/estree": "*"
      }
    },
    "node_modules/moment": {
      "version": "2.29.4",
      "resolved": "https://registry.npmjs.org/moment/-/moment-2.29.4.tgz",
      "integrity": "sha512-5LC9SOxjSc2HF6vO2CyuTDNivEdoz2IvyJJGj6X8DJ0eFyfszE0QiEd+iXmBvUP3WHxSjFH/vIsA0EN00cgr8w==",
      "engines": {
        "node": "*"
      }
    },
    "node_modules/obsidian": {
      "version": "1.4.11",
      "resolved": "https://registry.npmjs.org/obsidian/-/obsidian-1.4.11.tgz",
      "integrity": "sha512-BCVYTvaXxElJMl6MMbDdY/CGK+aq18SdtDY/7vH8v6BxCBQ6KF4kKxL0vG9UZ0o5qh139KpUoJHNm+6O5dllKA==",
      "dependencies": {
        "@types/codemirror": "5.60.8",
        "moment": "2.29.4"
      },
      "peerDependencies": {
        "@codemirror/state": "^6.0.0",
        "@codemirror/view": "^6.0.0"
      }
    },
    "node_modules/style-mod": {
      "version": "4.1.0",
      "resolved": "https://registry.npmjs.org/style-mod/-/style-mod-4.1.0.tgz",
      "integrity": "sha512-Ca5ib8HrFn+f+0n4N4ScTIA9iTOQ7MaGS1ylHcoVqW9J7w2w8PzN6g9gKmTYgGEBH8e120+RCmhpje6jC5uGWA==",
      "peer": true
    },
    "node_modules/undici-types": {
      "version": "5.26.5",
      "resolved": "https://registry.npmjs.org/undici-types/-/undici-types-5.26.5.tgz",
      "integrity": "sha512-JlCMO+ehdEIKqlFxk6IfVoAUVmgz7cU7zD/h9XZ0qzeosSHmUJVOzSQvvYSYWXkFXC+IfLKSIffhv0sVZup6pA==",
      "dev": true
    },
    "node_modules/w3c-keyname": {
      "version": "2.2.8",
      "resolved": "https://registry.npmjs.org/w3c-keyname/-/w3c-keyname-2.2.8.tgz",
      "integrity": "sha512-dpojBhNsCNN7T82Tm7k26A6G9ML3NkhDsnw9n/eoxSRlVBB4CEtIQ/KTCLI2Fwf3ataSXRhYFkQi3SlnFwPvPQ==",
      "peer": true
    }
  }
}
